{
  "version": 4,
  "terraform_version": "1.6.6",
  "serial": 35,
  "lineage": "b3ada150-41dc-f635-5c01-2b707acf4409",
  "outputs": {
    "azs": {
      "value": [
        "eu-west-1a",
        "eu-west-1b",
        "eu-west-1c"
      ],
      "type": [
        "list",
        "string"
      ]
    },
    "cluster_arn": {
      "value": "arn:aws:eks:eu-west-1:725840066530:cluster/sales-prod-eks-sales",
      "type": "string"
    },
    "cluster_certificate_authority_data": {
      "value": "LS0tLS1CRUdJTiBDRVJUSUZJQ0FURS0tLS0tCk1JSUMvakNDQWVhZ0F3SUJBZ0lCQURBTkJna3Foa2lHOXcwQkFRc0ZBREFWTVJNd0VRWURWUVFERXdwcmRXSmwKY201bGRHVnpNQjRYRFRJME1ETXhOVEE1TkRJeE5Wb1hEVE0wTURNeE16QTVOREl4TlZvd0ZURVRNQkVHQTFVRQpBeE1LYTNWaVpYSnVaWFJsY3pDQ0FTSXdEUVlKS29aSWh2Y05BUUVCQlFBRGdnRVBBRENDQVFvQ2dnRUJBSzUzCk5ISTBlQVhZZWFLaEk3ZkFaNW5Uc3BLdjNoRmdtaDNjVGpwVjFIWHY2THB6REtteDVBS1FsWEtQNGcxSkwyNVYKZzh0ZlMrMWJjMTJ2Rk9ML3FqZTg2TTNwUUo0ODB5ZHpmcTlnSXpncG55TVFFL1FsMEk4Zks0eW1WUjdtMkVQNwpJQngyUnhCR2hrZ0x2ZnRxRGYrK2JEZS9LZmV6SFhDeVU2ZlR1dHc0MU5TQ2NvTjJ2MCszNjZlVWEvMHQ1UXBsCjF2MHRWZkYzMkxxR2dDdW9qZzZEZzV4SHFrN3EzczMvbE04bFY3bTFoSzJKK0hJVm9Mcm11UHByVlZha1luVTEKVXhMSE9tMDdBMExpWDZkaWRvNEQ2dFhVd3NrSGU4WXlDM0FBWmozRHJFclRXQjg3VHREc0FaUzVrb2dhOVd4NApwRlJzOVAybXJZaGFyK2RpREZzQ0F3RUFBYU5aTUZjd0RnWURWUjBQQVFIL0JBUURBZ0trTUE4R0ExVWRFd0VCCi93UUZNQU1CQWY4d0hRWURWUjBPQkJZRUZPcjFZb25lSnVyaE1mQ0NYWXVreFBna0cvVnVNQlVHQTFVZEVRUU8KTUF5Q0NtdDFZbVZ5Ym1WMFpYTXdEUVlKS29aSWh2Y05BUUVMQlFBRGdnRUJBQmRzZE10YnJxSmxQN0ZMdTZHVAp1dUZacEhMaWorb0FtbEhtVUJMeWRtbXVtbUJDcmo5ZVNyNUFKVGlqN2ZjY0RtazJuY1VudUVKTThwM2FQK2pUCld3YmE1UkJnY1EwQjdzN0tzY3dhTVhwbDE5VzZVL2hLWlpOSzF2NWxLYzh1VG9UTEJKNCtJQ2I5eTB5dzg0NnEKc2RZalRmY3RBb2dwcW9OT1hzRjFqSEY4c2duVWExOUNBVlBURGI5UWhvZmI3WExWelVnb21iUTJVeXhBRXBkOQpSZTAwNW5JTG13MXlVSmR0ZWVyR3pZTmh4R3ZUbXd3ay8vMzlPdFp6b3ErUVFyT0FTZk5YY210MVdTNER4MVIxCkpEK2dSNXBCeDlJRkwwM1JzcEhWUFl2cDk0VmtXL2NJR1hkd0s5WUZ0aUxhQXJKYnBSelAzNVRjeEtRbXpCU0UKMVJjPQotLS0tLUVORCBDRVJUSUZJQ0FURS0tLS0tCg==",
      "type": "string"
    },
    "cluster_endpoint": {
      "value": "https://293EA636F07113161E7FDA742D51559C.yl4.eu-west-1.eks.amazonaws.com",
      "type": "string"
    },
    "cluster_iam_role_arn": {
      "value": "arn:aws:iam::725840066530:role/sales-prod-eks-master-role",
      "type": "string"
    },
    "cluster_iam_role_name": {
      "value": "sales-prod-eks-master-role",
      "type": "string"
    },
    "cluster_id": {
      "value": "sales-prod-eks-sales",
      "type": "string"
    },
    "cluster_oidc_issuer_url": {
      "value": "https://oidc.eks.eu-west-1.amazonaws.com/id/293EA636F07113161E7FDA742D51559C",
      "type": "string"
    },
    "cluster_primary_security_group_id": {
      "value": "sg-0f438c9e4a75eb5fb",
      "type": "string"
    },
    "cluster_version": {
      "value": "1.24",
      "type": "string"
    },
    "nat_public_ips": {
      "value": [
        "54.154.142.41"
      ],
      "type": [
        "list",
        "string"
      ]
    },
    "node_group_public_arn": {
      "value": "arn:aws:eks:eu-west-1:725840066530:nodegroup/sales-prod-eks-sales/sales-prod-eks-ng-public/8ac720bf-eb37-f7ea-fe63-1cb33b928139",
      "type": "string"
    },
    "node_group_public_id": {
      "value": "sales-prod-eks-sales:sales-prod-eks-ng-public",
      "type": "string"
    },
    "node_group_public_status": {
      "value": "ACTIVE",
      "type": "string"
    },
    "node_group_public_version": {
      "value": "1.24",
      "type": "string"
    },
    "private_subnets": {
      "value": [
        "subnet-09d8d1f99ca1792c2",
        "subnet-024c07500986c0742"
      ],
      "type": [
        "tuple",
        [
          "string",
          "string"
        ]
      ]
    },
    "public_subnets": {
      "value": [
        "subnet-000c126adb6b11633",
        "subnet-01c294d312aaa88ca"
      ],
      "type": [
        "tuple",
        [
          "string",
          "string"
        ]
      ]
    },
    "vpc_cidr_block": {
      "value": "10.0.0.0/16",
      "type": "string"
    },
    "vpc_id": {
      "value": "vpc-025dd71f599392e89",
      "type": "string"
    }
  },
  "resources": [
    {
      "mode": "data",
      "type": "aws_ami",
      "name": "ubuntu",
      "provider": "provider[\"registry.terraform.io/hashicorp/aws\"]",
      "instances": [
        {
          "schema_version": 0,
          "attributes": {
            "architecture": "x86_64",
            "arn": "arn:aws:ec2:eu-west-1::image/ami-0d0099f3f21d6b80e",
            "block_device_mappings": [
              {
                "device_name": "/dev/sda1",
                "ebs": {
                  "delete_on_termination": "true",
                  "encrypted": "false",
                  "iops": "0",
                  "snapshot_id": "snap-0562200d7adc1586a",
                  "throughput": "0",
                  "volume_size": "8",
                  "volume_type": "gp2"
                },
                "no_device": "",
                "virtual_name": ""
              },
              {
                "device_name": "/dev/sdb",
                "ebs": {},
                "no_device": "",
                "virtual_name": "ephemeral0"
              },
              {
                "device_name": "/dev/sdc",
                "ebs": {},
                "no_device": "",
                "virtual_name": "ephemeral1"
              }
            ],
            "boot_mode": "legacy-bios",
            "creation_date": "2024-02-29T22:43:20.000Z",
            "deprecation_time": "2026-02-28T22:43:20.000Z",
            "description": "Canonical, Ubuntu, 20.04 LTS, amd64 focal image build on 2024-02-29",
            "ena_support": true,
            "executable_users": null,
            "filter": [
              {
                "name": "architecture",
                "values": [
                  "x86_64"
                ]
              },
              {
                "name": "name",
                "values": [
                  "ubuntu/images/hvm-ssd/ubuntu-focal-20.04-amd64-server-*"
                ]
              },
              {
                "name": "root-device-type",
                "values": [
                  "ebs"
                ]
              },
              {
                "name": "virtualization-type",
                "values": [
                  "hvm"
                ]
              }
            ],
            "hypervisor": "xen",
            "id": "ami-0d0099f3f21d6b80e",
            "image_id": "ami-0d0099f3f21d6b80e",
            "image_location": "amazon/ubuntu/images/hvm-ssd/ubuntu-focal-20.04-amd64-server-20240229",
            "image_owner_alias": "amazon",
            "image_type": "machine",
            "imds_support": "",
            "include_deprecated": false,
            "kernel_id": "",
            "most_recent": true,
            "name": "ubuntu/images/hvm-ssd/ubuntu-focal-20.04-amd64-server-20240229",
            "name_regex": null,
            "owner_id": "099720109477",
            "owners": [
              "099720109477"
            ],
            "platform": "",
            "platform_details": "Linux/UNIX",
            "product_codes": [],
            "public": true,
            "ramdisk_id": "",
            "root_device_name": "/dev/sda1",
            "root_device_type": "ebs",
            "root_snapshot_id": "snap-0562200d7adc1586a",
            "sriov_net_support": "simple",
            "state": "available",
            "state_reason": {
              "code": "UNSET",
              "message": "UNSET"
            },
            "tags": {},
            "timeouts": null,
            "tpm_support": "",
            "usage_operation": "RunInstances",
            "virtualization_type": "hvm"
          },
          "sensitive_attributes": []
        }
      ]
    },
    {
      "mode": "data",
      "type": "aws_availability_zones",
      "name": "available",
      "provider": "provider[\"registry.terraform.io/hashicorp/aws\"]",
      "instances": [
        {
          "schema_version": 0,
          "attributes": {
            "all_availability_zones": null,
            "exclude_names": [
              "eu-west-1-iah-1a"
            ],
            "exclude_zone_ids": null,
            "filter": null,
            "group_names": [
              "eu-west-1"
            ],
            "id": "eu-west-1",
            "names": [
              "eu-west-1a",
              "eu-west-1b",
              "eu-west-1c"
            ],
            "state": null,
            "timeouts": null,
            "zone_ids": [
              "euw1-az1",
              "euw1-az2",
              "euw1-az3"
            ]
          },
          "sensitive_attributes": []
        }
      ]
    },
    {
      "mode": "managed",
      "type": "aws_eks_cluster",
      "name": "eks_cluster",
      "provider": "provider[\"registry.terraform.io/hashicorp/aws\"]",
      "instances": [
        {
          "schema_version": 0,
          "attributes": {
            "access_config": [
              {
                "authentication_mode": "CONFIG_MAP",
                "bootstrap_cluster_creator_admin_permissions": false
              }
            ],
            "arn": "arn:aws:eks:eu-west-1:725840066530:cluster/sales-prod-eks-sales",
            "certificate_authority": [
              {
                "data": "LS0tLS1CRUdJTiBDRVJUSUZJQ0FURS0tLS0tCk1JSUMvakNDQWVhZ0F3SUJBZ0lCQURBTkJna3Foa2lHOXcwQkFRc0ZBREFWTVJNd0VRWURWUVFERXdwcmRXSmwKY201bGRHVnpNQjRYRFRJME1ETXhOVEE1TkRJeE5Wb1hEVE0wTURNeE16QTVOREl4TlZvd0ZURVRNQkVHQTFVRQpBeE1LYTNWaVpYSnVaWFJsY3pDQ0FTSXdEUVlKS29aSWh2Y05BUUVCQlFBRGdnRVBBRENDQVFvQ2dnRUJBSzUzCk5ISTBlQVhZZWFLaEk3ZkFaNW5Uc3BLdjNoRmdtaDNjVGpwVjFIWHY2THB6REtteDVBS1FsWEtQNGcxSkwyNVYKZzh0ZlMrMWJjMTJ2Rk9ML3FqZTg2TTNwUUo0ODB5ZHpmcTlnSXpncG55TVFFL1FsMEk4Zks0eW1WUjdtMkVQNwpJQngyUnhCR2hrZ0x2ZnRxRGYrK2JEZS9LZmV6SFhDeVU2ZlR1dHc0MU5TQ2NvTjJ2MCszNjZlVWEvMHQ1UXBsCjF2MHRWZkYzMkxxR2dDdW9qZzZEZzV4SHFrN3EzczMvbE04bFY3bTFoSzJKK0hJVm9Mcm11UHByVlZha1luVTEKVXhMSE9tMDdBMExpWDZkaWRvNEQ2dFhVd3NrSGU4WXlDM0FBWmozRHJFclRXQjg3VHREc0FaUzVrb2dhOVd4NApwRlJzOVAybXJZaGFyK2RpREZzQ0F3RUFBYU5aTUZjd0RnWURWUjBQQVFIL0JBUURBZ0trTUE4R0ExVWRFd0VCCi93UUZNQU1CQWY4d0hRWURWUjBPQkJZRUZPcjFZb25lSnVyaE1mQ0NYWXVreFBna0cvVnVNQlVHQTFVZEVRUU8KTUF5Q0NtdDFZbVZ5Ym1WMFpYTXdEUVlKS29aSWh2Y05BUUVMQlFBRGdnRUJBQmRzZE10YnJxSmxQN0ZMdTZHVAp1dUZacEhMaWorb0FtbEhtVUJMeWRtbXVtbUJDcmo5ZVNyNUFKVGlqN2ZjY0RtazJuY1VudUVKTThwM2FQK2pUCld3YmE1UkJnY1EwQjdzN0tzY3dhTVhwbDE5VzZVL2hLWlpOSzF2NWxLYzh1VG9UTEJKNCtJQ2I5eTB5dzg0NnEKc2RZalRmY3RBb2dwcW9OT1hzRjFqSEY4c2duVWExOUNBVlBURGI5UWhvZmI3WExWelVnb21iUTJVeXhBRXBkOQpSZTAwNW5JTG13MXlVSmR0ZWVyR3pZTmh4R3ZUbXd3ay8vMzlPdFp6b3ErUVFyT0FTZk5YY210MVdTNER4MVIxCkpEK2dSNXBCeDlJRkwwM1JzcEhWUFl2cDk0VmtXL2NJR1hkd0s5WUZ0aUxhQXJKYnBSelAzNVRjeEtRbXpCU0UKMVJjPQotLS0tLUVORCBDRVJUSUZJQ0FURS0tLS0tCg=="
              }
            ],
            "cluster_id": null,
            "created_at": "2024-03-15 09:37:55.006 +0000 UTC",
            "enabled_cluster_log_types": [
              "api",
              "audit",
              "authenticator",
              "controllerManager",
              "scheduler"
            ],
            "encryption_config": [],
            "endpoint": "https://293EA636F07113161E7FDA742D51559C.yl4.eu-west-1.eks.amazonaws.com",
            "id": "sales-prod-eks-sales",
            "identity": [
              {
                "oidc": [
                  {
                    "issuer": "https://oidc.eks.eu-west-1.amazonaws.com/id/293EA636F07113161E7FDA742D51559C"
                  }
                ]
              }
            ],
            "kubernetes_network_config": [
              {
                "ip_family": "ipv4",
                "service_ipv4_cidr": "172.20.0.0/16",
                "service_ipv6_cidr": ""
              }
            ],
            "name": "sales-prod-eks-sales",
            "outpost_config": [],
            "platform_version": "eks.18",
            "role_arn": "arn:aws:iam::725840066530:role/sales-prod-eks-master-role",
            "status": "ACTIVE",
            "tags": null,
            "tags_all": {},
            "timeouts": null,
            "version": "1.24",
            "vpc_config": [
              {
                "cluster_security_group_id": "sg-0f438c9e4a75eb5fb",
                "endpoint_private_access": false,
                "endpoint_public_access": true,
                "public_access_cidrs": [
                  "0.0.0.0/0"
                ],
                "security_group_ids": null,
                "subnet_ids": [
                  "subnet-000c126adb6b11633",
                  "subnet-01c294d312aaa88ca"
                ],
                "vpc_id": "vpc-025dd71f599392e89"
              }
            ]
          },
          "sensitive_attributes": [],
          "private": "eyJlMmJmYjczMC1lY2FhLTExZTYtOGY4OC0zNDM2M2JjN2M0YzAiOnsiY3JlYXRlIjoxODAwMDAwMDAwMDAwLCJkZWxldGUiOjkwMDAwMDAwMDAwMCwidXBkYXRlIjozNjAwMDAwMDAwMDAwfX0=",
          "dependencies": [
            "aws_iam_role.eks_master_role",
            "aws_iam_role_policy_attachment.eks_AmazonEKSClusterPolicy",
            "aws_iam_role_policy_attachment.eks_AmazonEKSVPCResourceController",
            "data.aws_availability_zones.available",
            "module.vpc.aws_subnet.public",
            "module.vpc.aws_vpc.this",
            "module.vpc.aws_vpc_ipv4_cidr_block_association.this"
          ]
        }
      ]
    },
    {
      "mode": "managed",
      "type": "aws_eks_node_group",
      "name": "eks_ng_public",
      "provider": "provider[\"registry.terraform.io/hashicorp/aws\"]",
      "instances": [
        {
          "schema_version": 0,
          "attributes": {
            "ami_type": "AL2_x86_64",
            "arn": "arn:aws:eks:eu-west-1:725840066530:nodegroup/sales-prod-eks-sales/sales-prod-eks-ng-public/8ac720bf-eb37-f7ea-fe63-1cb33b928139",
            "capacity_type": "ON_DEMAND",
            "cluster_name": "sales-prod-eks-sales",
            "disk_size": 20,
            "force_update_version": null,
            "id": "sales-prod-eks-sales:sales-prod-eks-ng-public",
            "instance_types": [
              "t2.xlarge"
            ],
            "labels": null,
            "launch_template": [],
            "node_group_name": "sales-prod-eks-ng-public",
            "node_group_name_prefix": "",
            "node_role_arn": "arn:aws:iam::725840066530:role/sales-prod-eks-nodegroup-role",
            "release_version": "1.24.17-20240307",
            "remote_access": [
              {
                "ec2_ssh_key": "main-key",
                "source_security_group_ids": null
              }
            ],
            "resources": [
              {
                "autoscaling_groups": [
                  {
                    "name": "eks-sales-prod-eks-ng-public-8ac720bf-eb37-f7ea-fe63-1cb33b928139"
                  }
                ],
                "remote_access_security_group_id": "sg-0f40685493bfc82fe"
              }
            ],
            "scaling_config": [
              {
                "desired_size": 2,
                "max_size": 2,
                "min_size": 1
              }
            ],
            "status": "ACTIVE",
            "subnet_ids": [
              "subnet-000c126adb6b11633",
              "subnet-01c294d312aaa88ca"
            ],
            "tags": {
              "Name": "Public-Node-Group"
            },
            "tags_all": {
              "Name": "Public-Node-Group"
            },
            "taint": [],
            "timeouts": null,
            "update_config": [
              {
                "max_unavailable": 1,
                "max_unavailable_percentage": 0
              }
            ],
            "version": "1.24"
          },
          "sensitive_attributes": [],
          "private": "eyJlMmJmYjczMC1lY2FhLTExZTYtOGY4OC0zNDM2M2JjN2M0YzAiOnsiY3JlYXRlIjozNjAwMDAwMDAwMDAwLCJkZWxldGUiOjM2MDAwMDAwMDAwMDAsInVwZGF0ZSI6MzYwMDAwMDAwMDAwMH19",
          "dependencies": [
            "aws_eks_cluster.eks_cluster",
            "aws_iam_role.eks_master_role",
            "aws_iam_role.eks_nodegroup_role",
            "aws_iam_role_policy_attachment.eks_AmazonEC2ContainerRegistryReadOnly",
            "aws_iam_role_policy_attachment.eks_AmazonEKSClusterPolicy",
            "aws_iam_role_policy_attachment.eks_AmazonEKSVPCResourceController",
            "aws_iam_role_policy_attachment.eks_AmazonEKSWorkerNodePolicy",
            "aws_iam_role_policy_attachment.eks_AmazonEKS_CNI_Policy",
            "data.aws_availability_zones.available",
            "module.vpc.aws_subnet.public",
            "module.vpc.aws_vpc.this",
            "module.vpc.aws_vpc_ipv4_cidr_block_association.this"
          ]
        }
      ]
    },
    {
      "mode": "managed",
      "type": "aws_iam_role",
      "name": "eks_master_role",
      "provider": "provider[\"registry.terraform.io/hashicorp/aws\"]",
      "instances": [
        {
          "schema_version": 0,
          "attributes": {
            "arn": "arn:aws:iam::725840066530:role/sales-prod-eks-master-role",
            "assume_role_policy": "{\"Statement\":[{\"Action\":\"sts:AssumeRole\",\"Effect\":\"Allow\",\"Principal\":{\"Service\":\"eks.amazonaws.com\"}}],\"Version\":\"2012-10-17\"}",
            "create_date": "2024-03-15T09:37:27Z",
            "description": "",
            "force_detach_policies": false,
            "id": "sales-prod-eks-master-role",
            "inline_policy": [],
            "managed_policy_arns": [],
            "max_session_duration": 3600,
            "name": "sales-prod-eks-master-role",
            "name_prefix": "",
            "path": "/",
            "permissions_boundary": "",
            "tags": null,
            "tags_all": {},
            "unique_id": "AROA2R73QO7RM3G3HYUB7"
          },
          "sensitive_attributes": [],
          "private": "bnVsbA=="
        }
      ]
    },
    {
      "mode": "managed",
      "type": "aws_iam_role",
      "name": "eks_nodegroup_role",
      "provider": "provider[\"registry.terraform.io/hashicorp/aws\"]",
      "instances": [
        {
          "schema_version": 0,
          "attributes": {
            "arn": "arn:aws:iam::725840066530:role/sales-prod-eks-nodegroup-role",
            "assume_role_policy": "{\"Statement\":[{\"Action\":\"sts:AssumeRole\",\"Effect\":\"Allow\",\"Principal\":{\"Service\":\"ec2.amazonaws.com\"}}],\"Version\":\"2012-10-17\"}",
            "create_date": "2024-03-15T09:37:27Z",
            "description": "",
            "force_detach_policies": false,
            "id": "sales-prod-eks-nodegroup-role",
            "inline_policy": [],
            "managed_policy_arns": [],
            "max_session_duration": 3600,
            "name": "sales-prod-eks-nodegroup-role",
            "name_prefix": "",
            "path": "/",
            "permissions_boundary": "",
            "tags": null,
            "tags_all": {},
            "unique_id": "AROA2R73QO7RAUO6EQ54C"
          },
          "sensitive_attributes": [],
          "private": "bnVsbA=="
        }
      ]
    },
    {
      "mode": "managed",
      "type": "aws_iam_role_policy_attachment",
      "name": "eks_AmazonEC2ContainerRegistryReadOnly",
      "provider": "provider[\"registry.terraform.io/hashicorp/aws\"]",
      "instances": [
        {
          "schema_version": 0,
          "attributes": {
            "id": "sales-prod-eks-nodegroup-role-20240315093729379400000003",
            "policy_arn": "arn:aws:iam::aws:policy/AmazonEC2ContainerRegistryReadOnly",
            "role": "sales-prod-eks-nodegroup-role"
          },
          "sensitive_attributes": [],
          "private": "bnVsbA==",
          "dependencies": [
            "aws_iam_role.eks_nodegroup_role"
          ]
        }
      ]
    },
    {
      "mode": "managed",
      "type": "aws_iam_role_policy_attachment",
      "name": "eks_AmazonEKSClusterPolicy",
      "provider": "provider[\"registry.terraform.io/hashicorp/aws\"]",
      "instances": [
        {
          "schema_version": 0,
          "attributes": {
            "id": "sales-prod-eks-master-role-20240315093728790700000002",
            "policy_arn": "arn:aws:iam::aws:policy/AmazonEKSClusterPolicy",
            "role": "sales-prod-eks-master-role"
          },
          "sensitive_attributes": [],
          "private": "bnVsbA==",
          "dependencies": [
            "aws_iam_role.eks_master_role"
          ]
        }
      ]
    },
    {
      "mode": "managed",
      "type": "aws_iam_role_policy_attachment",
      "name": "eks_AmazonEKSVPCResourceController",
      "provider": "provider[\"registry.terraform.io/hashicorp/aws\"]",
      "instances": [
        {
          "schema_version": 0,
          "attributes": {
            "id": "sales-prod-eks-master-role-20240315093728547000000001",
            "policy_arn": "arn:aws:iam::aws:policy/AmazonEKSVPCResourceController",
            "role": "sales-prod-eks-master-role"
          },
          "sensitive_attributes": [],
          "private": "bnVsbA==",
          "dependencies": [
            "aws_iam_role.eks_master_role"
          ]
        }
      ]
    },
    {
      "mode": "managed",
      "type": "aws_iam_role_policy_attachment",
      "name": "eks_AmazonEKSWorkerNodePolicy",
      "provider": "provider[\"registry.terraform.io/hashicorp/aws\"]",
      "instances": [
        {
          "schema_version": 0,
          "attributes": {
            "id": "sales-prod-eks-nodegroup-role-20240315093729626100000005",
            "policy_arn": "arn:aws:iam::aws:policy/AmazonEKSWorkerNodePolicy",
            "role": "sales-prod-eks-nodegroup-role"
          },
          "sensitive_attributes": [],
          "private": "bnVsbA==",
          "dependencies": [
            "aws_iam_role.eks_nodegroup_role"
          ]
        }
      ]
    },
    {
      "mode": "managed",
      "type": "aws_iam_role_policy_attachment",
      "name": "eks_AmazonEKS_CNI_Policy",
      "provider": "provider[\"registry.terraform.io/hashicorp/aws\"]",
      "instances": [
        {
          "schema_version": 0,
          "attributes": {
            "id": "sales-prod-eks-nodegroup-role-20240315093729617000000004",
            "policy_arn": "arn:aws:iam::aws:policy/AmazonEKS_CNI_Policy",
            "role": "sales-prod-eks-nodegroup-role"
          },
          "sensitive_attributes": [],
          "private": "bnVsbA==",
          "dependencies": [
            "aws_iam_role.eks_nodegroup_role"
          ]
        }
      ]
    },
    {
      "module": "module.vpc",
      "mode": "managed",
      "type": "aws_db_subnet_group",
      "name": "database",
      "provider": "provider[\"registry.terraform.io/hashicorp/aws\"]",
      "instances": [
        {
          "index_key": 0,
          "schema_version": 0,
          "attributes": {
            "arn": "arn:aws:rds:eu-west-1:725840066530:subgrp:sales-prod-mili-vpc",
            "description": "Database subnet group for sales-prod-mili-vpc",
            "id": "sales-prod-mili-vpc",
            "name": "sales-prod-mili-vpc",
            "name_prefix": "",
            "subnet_ids": [
              "subnet-00214ba07f9db7a22",
              "subnet-0082d7907997278e6"
            ],
            "supported_network_types": [
              "IPV4"
            ],
            "tags": {
              "Name": "sales-prod-mili-vpc",
              "environment": "prod",
              "owners": "sales"
            },
            "tags_all": {
              "Name": "sales-prod-mili-vpc",
              "environment": "prod",
              "owners": "sales"
            },
            "vpc_id": "vpc-025dd71f599392e89"
          },
          "sensitive_attributes": [],
          "private": "bnVsbA==",
          "dependencies": [
            "data.aws_availability_zones.available",
            "module.vpc.aws_subnet.database",
            "module.vpc.aws_vpc.this",
            "module.vpc.aws_vpc_ipv4_cidr_block_association.this"
          ]
        }
      ]
    },
    {
      "module": "module.vpc",
      "mode": "managed",
      "type": "aws_default_network_acl",
      "name": "this",
      "provider": "provider[\"registry.terraform.io/hashicorp/aws\"]",
      "instances": [
        {
          "index_key": 0,
          "schema_version": 0,
          "attributes": {
            "arn": "arn:aws:ec2:eu-west-1:725840066530:network-acl/acl-04a25a087ad3653fe",
            "default_network_acl_id": "acl-04a25a087ad3653fe",
            "egress": [
              {
                "action": "allow",
                "cidr_block": "",
                "from_port": 0,
                "icmp_code": null,
                "icmp_type": null,
                "ipv6_cidr_block": "::/0",
                "protocol": "-1",
                "rule_no": 101,
                "to_port": 0
              },
              {
                "action": "allow",
                "cidr_block": "0.0.0.0/0",
                "from_port": 0,
                "icmp_code": null,
                "icmp_type": null,
                "ipv6_cidr_block": "",
                "protocol": "-1",
                "rule_no": 100,
                "to_port": 0
              }
            ],
            "id": "acl-04a25a087ad3653fe",
            "ingress": [
              {
                "action": "allow",
                "cidr_block": "",
                "from_port": 0,
                "icmp_code": null,
                "icmp_type": null,
                "ipv6_cidr_block": "::/0",
                "protocol": "-1",
                "rule_no": 101,
                "to_port": 0
              },
              {
                "action": "allow",
                "cidr_block": "0.0.0.0/0",
                "from_port": 0,
                "icmp_code": null,
                "icmp_type": null,
                "ipv6_cidr_block": "",
                "protocol": "-1",
                "rule_no": 100,
                "to_port": 0
              }
            ],
            "owner_id": "725840066530",
            "subnet_ids": [
              "subnet-000c126adb6b11633",
              "subnet-00214ba07f9db7a22",
              "subnet-0082d7907997278e6",
              "subnet-01c294d312aaa88ca",
              "subnet-024c07500986c0742",
              "subnet-09d8d1f99ca1792c2"
            ],
            "tags": {
              "Name": "sales-prod-mili-vpc-default",
              "environment": "prod",
              "owners": "sales"
            },
            "tags_all": {
              "Name": "sales-prod-mili-vpc-default",
              "environment": "prod",
              "owners": "sales"
            },
            "vpc_id": "vpc-025dd71f599392e89"
          },
          "sensitive_attributes": [],
          "private": "bnVsbA==",
          "dependencies": [
            "module.vpc.aws_vpc.this"
          ]
        }
      ]
    },
    {
      "module": "module.vpc",
      "mode": "managed",
      "type": "aws_default_route_table",
      "name": "default",
      "provider": "provider[\"registry.terraform.io/hashicorp/aws\"]",
      "instances": [
        {
          "index_key": 0,
          "schema_version": 0,
          "attributes": {
            "arn": "arn:aws:ec2:eu-west-1:725840066530:route-table/rtb-0f39444db76c6642b",
            "default_route_table_id": "rtb-0f39444db76c6642b",
            "id": "rtb-0f39444db76c6642b",
            "owner_id": "725840066530",
            "propagating_vgws": null,
            "route": [],
            "tags": {
              "Name": "sales-prod-mili-vpc-default",
              "environment": "prod",
              "owners": "sales"
            },
            "tags_all": {
              "Name": "sales-prod-mili-vpc-default",
              "environment": "prod",
              "owners": "sales"
            },
            "timeouts": {
              "create": "5m",
              "update": "5m"
            },
            "vpc_id": "vpc-025dd71f599392e89"
          },
          "sensitive_attributes": [],
          "private": "eyJlMmJmYjczMC1lY2FhLTExZTYtOGY4OC0zNDM2M2JjN2M0YzAiOnsiY3JlYXRlIjozMDAwMDAwMDAwMDAsInVwZGF0ZSI6MzAwMDAwMDAwMDAwfX0=",
          "dependencies": [
            "module.vpc.aws_vpc.this"
          ]
        }
      ]
    },
    {
      "module": "module.vpc",
      "mode": "managed",
      "type": "aws_default_security_group",
      "name": "this",
      "provider": "provider[\"registry.terraform.io/hashicorp/aws\"]",
      "instances": [
        {
          "index_key": 0,
          "schema_version": 1,
          "attributes": {
            "arn": "arn:aws:ec2:eu-west-1:725840066530:security-group/sg-09ad13fbf704b2182",
            "description": "default VPC security group",
            "egress": [],
            "id": "sg-09ad13fbf704b2182",
            "ingress": [],
            "name": "default",
            "name_prefix": "",
            "owner_id": "725840066530",
            "revoke_rules_on_delete": false,
            "tags": {
              "Name": "sales-prod-mili-vpc-default",
              "environment": "prod",
              "owners": "sales"
            },
            "tags_all": {
              "Name": "sales-prod-mili-vpc-default",
              "environment": "prod",
              "owners": "sales"
            },
            "vpc_id": "vpc-025dd71f599392e89"
          },
          "sensitive_attributes": [],
          "private": "eyJzY2hlbWFfdmVyc2lvbiI6IjEifQ==",
          "dependencies": [
            "module.vpc.aws_vpc.this"
          ]
        }
      ]
    },
    {
      "module": "module.vpc",
      "mode": "managed",
      "type": "aws_eip",
      "name": "nat",
      "provider": "provider[\"registry.terraform.io/hashicorp/aws\"]",
      "instances": [
        {
          "index_key": 0,
          "schema_version": 0,
          "attributes": {
            "address": null,
            "allocation_id": "eipalloc-09192a2c2d4ff0d36",
            "associate_with_private_ip": null,
            "association_id": "",
            "carrier_ip": "",
            "customer_owned_ip": "",
            "customer_owned_ipv4_pool": "",
            "domain": "vpc",
            "id": "eipalloc-09192a2c2d4ff0d36",
            "instance": "",
            "network_border_group": "eu-west-1",
            "network_interface": "",
            "private_dns": null,
            "private_ip": "",
            "public_dns": "ec2-54-154-142-41.eu-west-1.compute.amazonaws.com",
            "public_ip": "54.154.142.41",
            "public_ipv4_pool": "amazon",
            "tags": {
              "Name": "sales-prod-mili-vpc-eu-west-1a",
              "environment": "prod",
              "owners": "sales"
            },
            "tags_all": {
              "Name": "sales-prod-mili-vpc-eu-west-1a",
              "environment": "prod",
              "owners": "sales"
            },
            "timeouts": null,
            "vpc": true
          },
          "sensitive_attributes": [],
          "private": "eyJlMmJmYjczMC1lY2FhLTExZTYtOGY4OC0zNDM2M2JjN2M0YzAiOnsiZGVsZXRlIjoxODAwMDAwMDAwMDAsInJlYWQiOjkwMDAwMDAwMDAwMCwidXBkYXRlIjozMDAwMDAwMDAwMDB9fQ==",
          "dependencies": [
            "data.aws_availability_zones.available",
            "module.vpc.aws_internet_gateway.this",
            "module.vpc.aws_vpc.this",
            "module.vpc.aws_vpc_ipv4_cidr_block_association.this"
          ]
        }
      ]
    },
    {
      "module": "module.vpc",
      "mode": "managed",
      "type": "aws_internet_gateway",
      "name": "this",
      "provider": "provider[\"registry.terraform.io/hashicorp/aws\"]",
      "instances": [
        {
          "index_key": 0,
          "schema_version": 0,
          "attributes": {
            "arn": "arn:aws:ec2:eu-west-1:725840066530:internet-gateway/igw-08ea2c45bca73c258",
            "id": "igw-08ea2c45bca73c258",
            "owner_id": "725840066530",
            "tags": {
              "Name": "sales-prod-mili-vpc",
              "environment": "prod",
              "owners": "sales"
            },
            "tags_all": {
              "Name": "sales-prod-mili-vpc",
              "environment": "prod",
              "owners": "sales"
            },
            "timeouts": null,
            "vpc_id": "vpc-025dd71f599392e89"
          },
          "sensitive_attributes": [],
          "private": "eyJlMmJmYjczMC1lY2FhLTExZTYtOGY4OC0zNDM2M2JjN2M0YzAiOnsiY3JlYXRlIjoxMjAwMDAwMDAwMDAwLCJkZWxldGUiOjEyMDAwMDAwMDAwMDAsInVwZGF0ZSI6MTIwMDAwMDAwMDAwMH19",
          "dependencies": [
            "module.vpc.aws_vpc.this",
            "module.vpc.aws_vpc_ipv4_cidr_block_association.this"
          ]
        }
      ]
    },
    {
      "module": "module.vpc",
      "mode": "managed",
      "type": "aws_nat_gateway",
      "name": "this",
      "provider": "provider[\"registry.terraform.io/hashicorp/aws\"]",
      "instances": [
        {
          "index_key": 0,
          "schema_version": 0,
          "attributes": {
            "allocation_id": "eipalloc-09192a2c2d4ff0d36",
            "association_id": "eipassoc-09a9f5bab555a649e",
            "connectivity_type": "public",
            "id": "nat-05cdc9635615b61d3",
            "network_interface_id": "eni-0035ef08236ae81fc",
            "private_ip": "10.0.101.179",
            "public_ip": "54.154.142.41",
            "secondary_allocation_ids": null,
            "secondary_private_ip_address_count": 0,
            "secondary_private_ip_addresses": [],
            "subnet_id": "subnet-000c126adb6b11633",
            "tags": {
              "Name": "sales-prod-mili-vpc-eu-west-1a",
              "environment": "prod",
              "owners": "sales"
            },
            "tags_all": {
              "Name": "sales-prod-mili-vpc-eu-west-1a",
              "environment": "prod",
              "owners": "sales"
            },
            "timeouts": null
          },
          "sensitive_attributes": [],
          "private": "eyJlMmJmYjczMC1lY2FhLTExZTYtOGY4OC0zNDM2M2JjN2M0YzAiOnsiY3JlYXRlIjo2MDAwMDAwMDAwMDAsImRlbGV0ZSI6MTgwMDAwMDAwMDAwMCwidXBkYXRlIjo2MDAwMDAwMDAwMDB9fQ==",
          "dependencies": [
            "data.aws_availability_zones.available",
            "module.vpc.aws_eip.nat",
            "module.vpc.aws_internet_gateway.this",
            "module.vpc.aws_subnet.public",
            "module.vpc.aws_vpc.this",
            "module.vpc.aws_vpc_ipv4_cidr_block_association.this"
          ]
        }
      ]
    },
    {
      "module": "module.vpc",
      "mode": "managed",
      "type": "aws_route",
      "name": "private_nat_gateway",
      "provider": "provider[\"registry.terraform.io/hashicorp/aws\"]",
      "instances": [
        {
          "index_key": 0,
          "schema_version": 0,
          "attributes": {
            "carrier_gateway_id": "",
            "core_network_arn": "",
            "destination_cidr_block": "0.0.0.0/0",
            "destination_ipv6_cidr_block": "",
            "destination_prefix_list_id": "",
            "egress_only_gateway_id": "",
            "gateway_id": "",
            "id": "r-rtb-0bd63bd459dcaa5dd1080289494",
            "instance_id": "",
            "instance_owner_id": "",
            "local_gateway_id": "",
            "nat_gateway_id": "nat-05cdc9635615b61d3",
            "network_interface_id": "",
            "origin": "CreateRoute",
            "route_table_id": "rtb-0bd63bd459dcaa5dd",
            "state": "active",
            "timeouts": {
              "create": "5m",
              "delete": null,
              "update": null
            },
            "transit_gateway_id": "",
            "vpc_endpoint_id": "",
            "vpc_peering_connection_id": ""
          },
          "sensitive_attributes": [],
          "private": "eyJlMmJmYjczMC1lY2FhLTExZTYtOGY4OC0zNDM2M2JjN2M0YzAiOnsiY3JlYXRlIjozMDAwMDAwMDAwMDAsImRlbGV0ZSI6MzAwMDAwMDAwMDAwLCJ1cGRhdGUiOjEyMDAwMDAwMDAwMH19",
          "dependencies": [
            "data.aws_availability_zones.available",
            "module.vpc.aws_eip.nat",
            "module.vpc.aws_internet_gateway.this",
            "module.vpc.aws_nat_gateway.this",
            "module.vpc.aws_route_table.private",
            "module.vpc.aws_subnet.public",
            "module.vpc.aws_vpc.this",
            "module.vpc.aws_vpc_ipv4_cidr_block_association.this"
          ]
        }
      ]
    },
    {
      "module": "module.vpc",
      "mode": "managed",
      "type": "aws_route",
      "name": "public_internet_gateway",
      "provider": "provider[\"registry.terraform.io/hashicorp/aws\"]",
      "instances": [
        {
          "index_key": 0,
          "schema_version": 0,
          "attributes": {
            "carrier_gateway_id": "",
            "core_network_arn": "",
            "destination_cidr_block": "0.0.0.0/0",
            "destination_ipv6_cidr_block": "",
            "destination_prefix_list_id": "",
            "egress_only_gateway_id": "",
            "gateway_id": "igw-08ea2c45bca73c258",
            "id": "r-rtb-0fd0362eb27276fb71080289494",
            "instance_id": "",
            "instance_owner_id": "",
            "local_gateway_id": "",
            "nat_gateway_id": "",
            "network_interface_id": "",
            "origin": "CreateRoute",
            "route_table_id": "rtb-0fd0362eb27276fb7",
            "state": "active",
            "timeouts": {
              "create": "5m",
              "delete": null,
              "update": null
            },
            "transit_gateway_id": "",
            "vpc_endpoint_id": "",
            "vpc_peering_connection_id": ""
          },
          "sensitive_attributes": [],
          "private": "eyJlMmJmYjczMC1lY2FhLTExZTYtOGY4OC0zNDM2M2JjN2M0YzAiOnsiY3JlYXRlIjozMDAwMDAwMDAwMDAsImRlbGV0ZSI6MzAwMDAwMDAwMDAwLCJ1cGRhdGUiOjEyMDAwMDAwMDAwMH19",
          "dependencies": [
            "module.vpc.aws_internet_gateway.this",
            "module.vpc.aws_route_table.public",
            "module.vpc.aws_vpc.this",
            "module.vpc.aws_vpc_ipv4_cidr_block_association.this"
          ]
        }
      ]
    },
    {
      "module": "module.vpc",
      "mode": "managed",
      "type": "aws_route_table",
      "name": "database",
      "provider": "provider[\"registry.terraform.io/hashicorp/aws\"]",
      "instances": [
        {
          "index_key": 0,
          "schema_version": 0,
          "attributes": {
            "arn": "arn:aws:ec2:eu-west-1:725840066530:route-table/rtb-0d687af85fa5f9703",
            "id": "rtb-0d687af85fa5f9703",
            "owner_id": "725840066530",
            "propagating_vgws": [],
            "route": [],
            "tags": {
              "Name": "sales-prod-mili-vpc-db",
              "environment": "prod",
              "owners": "sales"
            },
            "tags_all": {
              "Name": "sales-prod-mili-vpc-db",
              "environment": "prod",
              "owners": "sales"
            },
            "timeouts": null,
            "vpc_id": "vpc-025dd71f599392e89"
          },
          "sensitive_attributes": [],
          "private": "eyJlMmJmYjczMC1lY2FhLTExZTYtOGY4OC0zNDM2M2JjN2M0YzAiOnsiY3JlYXRlIjozMDAwMDAwMDAwMDAsImRlbGV0ZSI6MzAwMDAwMDAwMDAwLCJ1cGRhdGUiOjEyMDAwMDAwMDAwMH19",
          "dependencies": [
            "data.aws_availability_zones.available",
            "module.vpc.aws_vpc.this",
            "module.vpc.aws_vpc_ipv4_cidr_block_association.this"
          ]
        }
      ]
    },
    {
      "module": "module.vpc",
      "mode": "managed",
      "type": "aws_route_table",
      "name": "private",
      "provider": "provider[\"registry.terraform.io/hashicorp/aws\"]",
      "instances": [
        {
          "index_key": 0,
          "schema_version": 0,
          "attributes": {
            "arn": "arn:aws:ec2:eu-west-1:725840066530:route-table/rtb-0bd63bd459dcaa5dd",
            "id": "rtb-0bd63bd459dcaa5dd",
            "owner_id": "725840066530",
            "propagating_vgws": [],
            "route": [],
            "tags": {
              "Name": "sales-prod-mili-vpc-private",
              "environment": "prod",
              "owners": "sales"
            },
            "tags_all": {
              "Name": "sales-prod-mili-vpc-private",
              "environment": "prod",
              "owners": "sales"
            },
            "timeouts": null,
            "vpc_id": "vpc-025dd71f599392e89"
          },
          "sensitive_attributes": [],
          "private": "eyJlMmJmYjczMC1lY2FhLTExZTYtOGY4OC0zNDM2M2JjN2M0YzAiOnsiY3JlYXRlIjozMDAwMDAwMDAwMDAsImRlbGV0ZSI6MzAwMDAwMDAwMDAwLCJ1cGRhdGUiOjEyMDAwMDAwMDAwMH19",
          "dependencies": [
            "data.aws_availability_zones.available",
            "module.vpc.aws_vpc.this",
            "module.vpc.aws_vpc_ipv4_cidr_block_association.this"
          ]
        }
      ]
    },
    {
      "module": "module.vpc",
      "mode": "managed",
      "type": "aws_route_table",
      "name": "public",
      "provider": "provider[\"registry.terraform.io/hashicorp/aws\"]",
      "instances": [
        {
          "index_key": 0,
          "schema_version": 0,
          "attributes": {
            "arn": "arn:aws:ec2:eu-west-1:725840066530:route-table/rtb-0fd0362eb27276fb7",
            "id": "rtb-0fd0362eb27276fb7",
            "owner_id": "725840066530",
            "propagating_vgws": [],
            "route": [],
            "tags": {
              "Name": "sales-prod-mili-vpc-public",
              "environment": "prod",
              "owners": "sales"
            },
            "tags_all": {
              "Name": "sales-prod-mili-vpc-public",
              "environment": "prod",
              "owners": "sales"
            },
            "timeouts": null,
            "vpc_id": "vpc-025dd71f599392e89"
          },
          "sensitive_attributes": [],
          "private": "eyJlMmJmYjczMC1lY2FhLTExZTYtOGY4OC0zNDM2M2JjN2M0YzAiOnsiY3JlYXRlIjozMDAwMDAwMDAwMDAsImRlbGV0ZSI6MzAwMDAwMDAwMDAwLCJ1cGRhdGUiOjEyMDAwMDAwMDAwMH19",
          "dependencies": [
            "module.vpc.aws_vpc.this",
            "module.vpc.aws_vpc_ipv4_cidr_block_association.this"
          ]
        }
      ]
    },
    {
      "module": "module.vpc",
      "mode": "managed",
      "type": "aws_route_table_association",
      "name": "database",
      "provider": "provider[\"registry.terraform.io/hashicorp/aws\"]",
      "instances": [
        {
          "index_key": 0,
          "schema_version": 0,
          "attributes": {
            "gateway_id": "",
            "id": "rtbassoc-019f910ba994d0731",
            "route_table_id": "rtb-0d687af85fa5f9703",
            "subnet_id": "subnet-00214ba07f9db7a22",
            "timeouts": null
          },
          "sensitive_attributes": [],
          "private": "eyJlMmJmYjczMC1lY2FhLTExZTYtOGY4OC0zNDM2M2JjN2M0YzAiOnsiY3JlYXRlIjozMDAwMDAwMDAwMDAsImRlbGV0ZSI6MzAwMDAwMDAwMDAwLCJ1cGRhdGUiOjEyMDAwMDAwMDAwMH19",
          "dependencies": [
            "data.aws_availability_zones.available",
            "module.vpc.aws_route_table.database",
            "module.vpc.aws_route_table.private",
            "module.vpc.aws_subnet.database",
            "module.vpc.aws_vpc.this",
            "module.vpc.aws_vpc_ipv4_cidr_block_association.this"
          ]
        },
        {
          "index_key": 1,
          "schema_version": 0,
          "attributes": {
            "gateway_id": "",
            "id": "rtbassoc-073068c7a2adabf4b",
            "route_table_id": "rtb-0d687af85fa5f9703",
            "subnet_id": "subnet-0082d7907997278e6",
            "timeouts": null
          },
          "sensitive_attributes": [],
          "private": "eyJlMmJmYjczMC1lY2FhLTExZTYtOGY4OC0zNDM2M2JjN2M0YzAiOnsiY3JlYXRlIjozMDAwMDAwMDAwMDAsImRlbGV0ZSI6MzAwMDAwMDAwMDAwLCJ1cGRhdGUiOjEyMDAwMDAwMDAwMH19",
          "dependencies": [
            "data.aws_availability_zones.available",
            "module.vpc.aws_route_table.database",
            "module.vpc.aws_route_table.private",
            "module.vpc.aws_subnet.database",
            "module.vpc.aws_vpc.this",
            "module.vpc.aws_vpc_ipv4_cidr_block_association.this"
          ]
        }
      ]
    },
    {
      "module": "module.vpc",
      "mode": "managed",
      "type": "aws_route_table_association",
      "name": "private",
      "provider": "provider[\"registry.terraform.io/hashicorp/aws\"]",
      "instances": [
        {
          "index_key": 0,
          "schema_version": 0,
          "attributes": {
            "gateway_id": "",
            "id": "rtbassoc-04840c0aac0ce4be5",
            "route_table_id": "rtb-0bd63bd459dcaa5dd",
            "subnet_id": "subnet-09d8d1f99ca1792c2",
            "timeouts": null
          },
          "sensitive_attributes": [],
          "private": "eyJlMmJmYjczMC1lY2FhLTExZTYtOGY4OC0zNDM2M2JjN2M0YzAiOnsiY3JlYXRlIjozMDAwMDAwMDAwMDAsImRlbGV0ZSI6MzAwMDAwMDAwMDAwLCJ1cGRhdGUiOjEyMDAwMDAwMDAwMH19",
          "dependencies": [
            "data.aws_availability_zones.available",
            "module.vpc.aws_route_table.private",
            "module.vpc.aws_subnet.private",
            "module.vpc.aws_vpc.this",
            "module.vpc.aws_vpc_ipv4_cidr_block_association.this"
          ]
        },
        {
          "index_key": 1,
          "schema_version": 0,
          "attributes": {
            "gateway_id": "",
            "id": "rtbassoc-0055023bd0808b154",
            "route_table_id": "rtb-0bd63bd459dcaa5dd",
            "subnet_id": "subnet-024c07500986c0742",
            "timeouts": null
          },
          "sensitive_attributes": [],
          "private": "eyJlMmJmYjczMC1lY2FhLTExZTYtOGY4OC0zNDM2M2JjN2M0YzAiOnsiY3JlYXRlIjozMDAwMDAwMDAwMDAsImRlbGV0ZSI6MzAwMDAwMDAwMDAwLCJ1cGRhdGUiOjEyMDAwMDAwMDAwMH19",
          "dependencies": [
            "data.aws_availability_zones.available",
            "module.vpc.aws_route_table.private",
            "module.vpc.aws_subnet.private",
            "module.vpc.aws_vpc.this",
            "module.vpc.aws_vpc_ipv4_cidr_block_association.this"
          ]
        }
      ]
    },
    {
      "module": "module.vpc",
      "mode": "managed",
      "type": "aws_route_table_association",
      "name": "public",
      "provider": "provider[\"registry.terraform.io/hashicorp/aws\"]",
      "instances": [
        {
          "index_key": 0,
          "schema_version": 0,
          "attributes": {
            "gateway_id": "",
            "id": "rtbassoc-0347f400d472e9b75",
            "route_table_id": "rtb-0fd0362eb27276fb7",
            "subnet_id": "subnet-000c126adb6b11633",
            "timeouts": null
          },
          "sensitive_attributes": [],
          "private": "eyJlMmJmYjczMC1lY2FhLTExZTYtOGY4OC0zNDM2M2JjN2M0YzAiOnsiY3JlYXRlIjozMDAwMDAwMDAwMDAsImRlbGV0ZSI6MzAwMDAwMDAwMDAwLCJ1cGRhdGUiOjEyMDAwMDAwMDAwMH19",
          "dependencies": [
            "data.aws_availability_zones.available",
            "module.vpc.aws_route_table.public",
            "module.vpc.aws_subnet.public",
            "module.vpc.aws_vpc.this",
            "module.vpc.aws_vpc_ipv4_cidr_block_association.this"
          ]
        },
        {
          "index_key": 1,
          "schema_version": 0,
          "attributes": {
            "gateway_id": "",
            "id": "rtbassoc-075edb9d0eb573a5a",
            "route_table_id": "rtb-0fd0362eb27276fb7",
            "subnet_id": "subnet-01c294d312aaa88ca",
            "timeouts": null
          },
          "sensitive_attributes": [],
          "private": "eyJlMmJmYjczMC1lY2FhLTExZTYtOGY4OC0zNDM2M2JjN2M0YzAiOnsiY3JlYXRlIjozMDAwMDAwMDAwMDAsImRlbGV0ZSI6MzAwMDAwMDAwMDAwLCJ1cGRhdGUiOjEyMDAwMDAwMDAwMH19",
          "dependencies": [
            "data.aws_availability_zones.available",
            "module.vpc.aws_route_table.public",
            "module.vpc.aws_subnet.public",
            "module.vpc.aws_vpc.this",
            "module.vpc.aws_vpc_ipv4_cidr_block_association.this"
          ]
        }
      ]
    },
    {
      "module": "module.vpc",
      "mode": "managed",
      "type": "aws_subnet",
      "name": "database",
      "provider": "provider[\"registry.terraform.io/hashicorp/aws\"]",
      "instances": [
        {
          "index_key": 0,
          "schema_version": 1,
          "attributes": {
            "arn": "arn:aws:ec2:eu-west-1:725840066530:subnet/subnet-00214ba07f9db7a22",
            "assign_ipv6_address_on_creation": false,
            "availability_zone": "eu-west-1a",
            "availability_zone_id": "euw1-az1",
            "cidr_block": "10.0.151.0/24",
            "customer_owned_ipv4_pool": "",
            "enable_dns64": false,
            "enable_lni_at_device_index": 0,
            "enable_resource_name_dns_a_record_on_launch": false,
            "enable_resource_name_dns_aaaa_record_on_launch": false,
            "id": "subnet-00214ba07f9db7a22",
            "ipv6_cidr_block": "",
            "ipv6_cidr_block_association_id": "",
            "ipv6_native": false,
            "map_customer_owned_ip_on_launch": false,
            "map_public_ip_on_launch": false,
            "outpost_arn": "",
            "owner_id": "725840066530",
            "private_dns_hostname_type_on_launch": "ip-name",
            "tags": {
              "Name": "sales-prod-mili-vpc-db-eu-west-1a",
              "Type": "database-subnets",
              "environment": "prod",
              "owners": "sales"
            },
            "tags_all": {
              "Name": "sales-prod-mili-vpc-db-eu-west-1a",
              "Type": "database-subnets",
              "environment": "prod",
              "owners": "sales"
            },
            "timeouts": null,
            "vpc_id": "vpc-025dd71f599392e89"
          },
          "sensitive_attributes": [],
          "private": "eyJlMmJmYjczMC1lY2FhLTExZTYtOGY4OC0zNDM2M2JjN2M0YzAiOnsiY3JlYXRlIjo2MDAwMDAwMDAwMDAsImRlbGV0ZSI6MTIwMDAwMDAwMDAwMH0sInNjaGVtYV92ZXJzaW9uIjoiMSJ9",
          "dependencies": [
            "data.aws_availability_zones.available",
            "module.vpc.aws_vpc.this",
            "module.vpc.aws_vpc_ipv4_cidr_block_association.this"
          ]
        },
        {
          "index_key": 1,
          "schema_version": 1,
          "attributes": {
            "arn": "arn:aws:ec2:eu-west-1:725840066530:subnet/subnet-0082d7907997278e6",
            "assign_ipv6_address_on_creation": false,
            "availability_zone": "eu-west-1b",
            "availability_zone_id": "euw1-az2",
            "cidr_block": "10.0.152.0/24",
            "customer_owned_ipv4_pool": "",
            "enable_dns64": false,
            "enable_lni_at_device_index": 0,
            "enable_resource_name_dns_a_record_on_launch": false,
            "enable_resource_name_dns_aaaa_record_on_launch": false,
            "id": "subnet-0082d7907997278e6",
            "ipv6_cidr_block": "",
            "ipv6_cidr_block_association_id": "",
            "ipv6_native": false,
            "map_customer_owned_ip_on_launch": false,
            "map_public_ip_on_launch": false,
            "outpost_arn": "",
            "owner_id": "725840066530",
            "private_dns_hostname_type_on_launch": "ip-name",
            "tags": {
              "Name": "sales-prod-mili-vpc-db-eu-west-1b",
              "Type": "database-subnets",
              "environment": "prod",
              "owners": "sales"
            },
            "tags_all": {
              "Name": "sales-prod-mili-vpc-db-eu-west-1b",
              "Type": "database-subnets",
              "environment": "prod",
              "owners": "sales"
            },
            "timeouts": null,
            "vpc_id": "vpc-025dd71f599392e89"
          },
          "sensitive_attributes": [],
          "private": "eyJlMmJmYjczMC1lY2FhLTExZTYtOGY4OC0zNDM2M2JjN2M0YzAiOnsiY3JlYXRlIjo2MDAwMDAwMDAwMDAsImRlbGV0ZSI6MTIwMDAwMDAwMDAwMH0sInNjaGVtYV92ZXJzaW9uIjoiMSJ9",
          "dependencies": [
            "data.aws_availability_zones.available",
            "module.vpc.aws_vpc.this",
            "module.vpc.aws_vpc_ipv4_cidr_block_association.this"
          ]
        }
      ]
    },
    {
      "module": "module.vpc",
      "mode": "managed",
      "type": "aws_subnet",
      "name": "private",
      "provider": "provider[\"registry.terraform.io/hashicorp/aws\"]",
      "instances": [
        {
          "index_key": 0,
          "schema_version": 1,
          "attributes": {
            "arn": "arn:aws:ec2:eu-west-1:725840066530:subnet/subnet-09d8d1f99ca1792c2",
            "assign_ipv6_address_on_creation": false,
            "availability_zone": "eu-west-1a",
            "availability_zone_id": "euw1-az1",
            "cidr_block": "10.0.1.0/24",
            "customer_owned_ipv4_pool": "",
            "enable_dns64": false,
            "enable_lni_at_device_index": 0,
            "enable_resource_name_dns_a_record_on_launch": false,
            "enable_resource_name_dns_aaaa_record_on_launch": false,
            "id": "subnet-09d8d1f99ca1792c2",
            "ipv6_cidr_block": "",
            "ipv6_cidr_block_association_id": "",
            "ipv6_native": false,
            "map_customer_owned_ip_on_launch": false,
            "map_public_ip_on_launch": false,
            "outpost_arn": "",
            "owner_id": "725840066530",
            "private_dns_hostname_type_on_launch": "ip-name",
            "tags": {
              "Name": "sales-prod-mili-vpc-private-eu-west-1a",
              "Type": "private-subnets",
              "environment": "prod",
              "kubernetes.io/cluster/sales-prod-eks-sales": "shared",
              "kubernetes.io/role/internal-elb": "1",
              "owners": "sales"
            },
            "tags_all": {
              "Name": "sales-prod-mili-vpc-private-eu-west-1a",
              "Type": "private-subnets",
              "environment": "prod",
              "kubernetes.io/cluster/sales-prod-eks-sales": "shared",
              "kubernetes.io/role/internal-elb": "1",
              "owners": "sales"
            },
            "timeouts": null,
            "vpc_id": "vpc-025dd71f599392e89"
          },
          "sensitive_attributes": [],
          "private": "eyJlMmJmYjczMC1lY2FhLTExZTYtOGY4OC0zNDM2M2JjN2M0YzAiOnsiY3JlYXRlIjo2MDAwMDAwMDAwMDAsImRlbGV0ZSI6MTIwMDAwMDAwMDAwMH0sInNjaGVtYV92ZXJzaW9uIjoiMSJ9",
          "dependencies": [
            "data.aws_availability_zones.available",
            "module.vpc.aws_vpc.this",
            "module.vpc.aws_vpc_ipv4_cidr_block_association.this"
          ]
        },
        {
          "index_key": 1,
          "schema_version": 1,
          "attributes": {
            "arn": "arn:aws:ec2:eu-west-1:725840066530:subnet/subnet-024c07500986c0742",
            "assign_ipv6_address_on_creation": false,
            "availability_zone": "eu-west-1b",
            "availability_zone_id": "euw1-az2",
            "cidr_block": "10.0.2.0/24",
            "customer_owned_ipv4_pool": "",
            "enable_dns64": false,
            "enable_lni_at_device_index": 0,
            "enable_resource_name_dns_a_record_on_launch": false,
            "enable_resource_name_dns_aaaa_record_on_launch": false,
            "id": "subnet-024c07500986c0742",
            "ipv6_cidr_block": "",
            "ipv6_cidr_block_association_id": "",
            "ipv6_native": false,
            "map_customer_owned_ip_on_launch": false,
            "map_public_ip_on_launch": false,
            "outpost_arn": "",
            "owner_id": "725840066530",
            "private_dns_hostname_type_on_launch": "ip-name",
            "tags": {
              "Name": "sales-prod-mili-vpc-private-eu-west-1b",
              "Type": "private-subnets",
              "environment": "prod",
              "kubernetes.io/cluster/sales-prod-eks-sales": "shared",
              "kubernetes.io/role/internal-elb": "1",
              "owners": "sales"
            },
            "tags_all": {
              "Name": "sales-prod-mili-vpc-private-eu-west-1b",
              "Type": "private-subnets",
              "environment": "prod",
              "kubernetes.io/cluster/sales-prod-eks-sales": "shared",
              "kubernetes.io/role/internal-elb": "1",
              "owners": "sales"
            },
            "timeouts": null,
            "vpc_id": "vpc-025dd71f599392e89"
          },
          "sensitive_attributes": [],
          "private": "eyJlMmJmYjczMC1lY2FhLTExZTYtOGY4OC0zNDM2M2JjN2M0YzAiOnsiY3JlYXRlIjo2MDAwMDAwMDAwMDAsImRlbGV0ZSI6MTIwMDAwMDAwMDAwMH0sInNjaGVtYV92ZXJzaW9uIjoiMSJ9",
          "dependencies": [
            "data.aws_availability_zones.available",
            "module.vpc.aws_vpc.this",
            "module.vpc.aws_vpc_ipv4_cidr_block_association.this"
          ]
        }
      ]
    },
    {
      "module": "module.vpc",
      "mode": "managed",
      "type": "aws_subnet",
      "name": "public",
      "provider": "provider[\"registry.terraform.io/hashicorp/aws\"]",
      "instances": [
        {
          "index_key": 0,
          "schema_version": 1,
          "attributes": {
            "arn": "arn:aws:ec2:eu-west-1:725840066530:subnet/subnet-000c126adb6b11633",
            "assign_ipv6_address_on_creation": false,
            "availability_zone": "eu-west-1a",
            "availability_zone_id": "euw1-az1",
            "cidr_block": "10.0.101.0/24",
            "customer_owned_ipv4_pool": "",
            "enable_dns64": false,
            "enable_lni_at_device_index": 0,
            "enable_resource_name_dns_a_record_on_launch": false,
            "enable_resource_name_dns_aaaa_record_on_launch": false,
            "id": "subnet-000c126adb6b11633",
            "ipv6_cidr_block": "",
            "ipv6_cidr_block_association_id": "",
            "ipv6_native": false,
            "map_customer_owned_ip_on_launch": false,
            "map_public_ip_on_launch": true,
            "outpost_arn": "",
            "owner_id": "725840066530",
            "private_dns_hostname_type_on_launch": "ip-name",
            "tags": {
              "Name": "sales-prod-mili-vpc-public-eu-west-1a",
              "Type": "Public Subnets",
              "environment": "prod",
              "kubernetes.io/cluster/sales-prod-eks-sales": "shared",
              "kubernetes.io/role/elb": "1",
              "owners": "sales"
            },
            "tags_all": {
              "Name": "sales-prod-mili-vpc-public-eu-west-1a",
              "Type": "Public Subnets",
              "environment": "prod",
              "kubernetes.io/cluster/sales-prod-eks-sales": "shared",
              "kubernetes.io/role/elb": "1",
              "owners": "sales"
            },
            "timeouts": null,
            "vpc_id": "vpc-025dd71f599392e89"
          },
          "sensitive_attributes": [],
          "private": "eyJlMmJmYjczMC1lY2FhLTExZTYtOGY4OC0zNDM2M2JjN2M0YzAiOnsiY3JlYXRlIjo2MDAwMDAwMDAwMDAsImRlbGV0ZSI6MTIwMDAwMDAwMDAwMH0sInNjaGVtYV92ZXJzaW9uIjoiMSJ9",
          "dependencies": [
            "data.aws_availability_zones.available",
            "module.vpc.aws_vpc.this",
            "module.vpc.aws_vpc_ipv4_cidr_block_association.this"
          ]
        },
        {
          "index_key": 1,
          "schema_version": 1,
          "attributes": {
            "arn": "arn:aws:ec2:eu-west-1:725840066530:subnet/subnet-01c294d312aaa88ca",
            "assign_ipv6_address_on_creation": false,
            "availability_zone": "eu-west-1b",
            "availability_zone_id": "euw1-az2",
            "cidr_block": "10.0.102.0/24",
            "customer_owned_ipv4_pool": "",
            "enable_dns64": false,
            "enable_lni_at_device_index": 0,
            "enable_resource_name_dns_a_record_on_launch": false,
            "enable_resource_name_dns_aaaa_record_on_launch": false,
            "id": "subnet-01c294d312aaa88ca",
            "ipv6_cidr_block": "",
            "ipv6_cidr_block_association_id": "",
            "ipv6_native": false,
            "map_customer_owned_ip_on_launch": false,
            "map_public_ip_on_launch": true,
            "outpost_arn": "",
            "owner_id": "725840066530",
            "private_dns_hostname_type_on_launch": "ip-name",
            "tags": {
              "Name": "sales-prod-mili-vpc-public-eu-west-1b",
              "Type": "Public Subnets",
              "environment": "prod",
              "kubernetes.io/cluster/sales-prod-eks-sales": "shared",
              "kubernetes.io/role/elb": "1",
              "owners": "sales"
            },
            "tags_all": {
              "Name": "sales-prod-mili-vpc-public-eu-west-1b",
              "Type": "Public Subnets",
              "environment": "prod",
              "kubernetes.io/cluster/sales-prod-eks-sales": "shared",
              "kubernetes.io/role/elb": "1",
              "owners": "sales"
            },
            "timeouts": null,
            "vpc_id": "vpc-025dd71f599392e89"
          },
          "sensitive_attributes": [],
          "private": "eyJlMmJmYjczMC1lY2FhLTExZTYtOGY4OC0zNDM2M2JjN2M0YzAiOnsiY3JlYXRlIjo2MDAwMDAwMDAwMDAsImRlbGV0ZSI6MTIwMDAwMDAwMDAwMH0sInNjaGVtYV92ZXJzaW9uIjoiMSJ9",
          "dependencies": [
            "data.aws_availability_zones.available",
            "module.vpc.aws_vpc.this",
            "module.vpc.aws_vpc_ipv4_cidr_block_association.this"
          ]
        }
      ]
    },
    {
      "module": "module.vpc",
      "mode": "managed",
      "type": "aws_vpc",
      "name": "this",
      "provider": "provider[\"registry.terraform.io/hashicorp/aws\"]",
      "instances": [
        {
          "index_key": 0,
          "schema_version": 1,
          "attributes": {
            "arn": "arn:aws:ec2:eu-west-1:725840066530:vpc/vpc-025dd71f599392e89",
            "assign_generated_ipv6_cidr_block": false,
            "cidr_block": "10.0.0.0/16",
            "default_network_acl_id": "acl-04a25a087ad3653fe",
            "default_route_table_id": "rtb-0f39444db76c6642b",
            "default_security_group_id": "sg-09ad13fbf704b2182",
            "dhcp_options_id": "dopt-05339a25b83be3154",
            "enable_dns_hostnames": true,
            "enable_dns_support": true,
            "enable_network_address_usage_metrics": false,
            "id": "vpc-025dd71f599392e89",
            "instance_tenancy": "default",
            "ipv4_ipam_pool_id": null,
            "ipv4_netmask_length": null,
            "ipv6_association_id": "",
            "ipv6_cidr_block": "",
            "ipv6_cidr_block_network_border_group": "",
            "ipv6_ipam_pool_id": "",
            "ipv6_netmask_length": 0,
            "main_route_table_id": "rtb-0f39444db76c6642b",
            "owner_id": "725840066530",
            "tags": {
              "Name": "sales-prod-mili-vpc",
              "environment": "prod",
              "owners": "sales"
            },
            "tags_all": {
              "Name": "sales-prod-mili-vpc",
              "environment": "prod",
              "owners": "sales"
            }
          },
          "sensitive_attributes": [],
          "private": "eyJzY2hlbWFfdmVyc2lvbiI6IjEifQ=="
        }
      ]
    }
  ],
  "check_results": null
}
